
Microsoft Visual Studio Solution File, Format Version 12.00
# Visual Studio Version 16
VisualStudioVersion = 16.0.30611.23
MinimumVisualStudioVersion = 10.0.40219.1
Project("{9A19103F-16F7-4668-BE54-9A1E7A4F7556}") = "GetcuReone.Cdo.Logging", "GetcuReone.Cdo.Logging\GetcuReone.Cdo.Logging.csproj", "{D46421DF-282D-4C3F-90A1-ABFE06B46CBC}"
EndProject
Project("{2150E333-8FDC-42A3-9474-1A3956D46DE8}") = "Infrastructure", "Infrastructure", "{B287643F-D8B8-4F40-94E6-387DB7CBE51E}"
EndProject
Project("{9A19103F-16F7-4668-BE54-9A1E7A4F7556}") = "InfrastructureTests", "Infrastructure\InfrastructureTests\InfrastructureTests.csproj", "{9912EDB5-89A6-41FE-9498-79683CF3E3E0}"
EndProject
Project("{9A19103F-16F7-4668-BE54-9A1E7A4F7556}") = "GetcuReone.Cdo.LoggingTests", "GetcuReone.Cdo.LoggingTests\GetcuReone.Cdo.LoggingTests.csproj", "{7E928D07-56F0-4DD5-A1A1-5B368EB33687}"
EndProject
Project("{9A19103F-16F7-4668-BE54-9A1E7A4F7556}") = "GetcuReone.Cdo.Logging.TestCommon", "Infrastructure\GetcuReone.Cdo.Logging.TestCommon\GetcuReone.Cdo.Logging.TestCommon.csproj", "{E0E4C35E-116B-404D-82FA-FCA271A3E436}"
EndProject
Project("{2150E333-8FDC-42A3-9474-1A3956D46DE8}") = ".buildTools", ".buildTools", "{70A5FEC5-6FF8-4CFB-B180-9EF0F94E9C6D}"
	ProjectSection(SolutionItems) = preProject
		.buildTools\GetcuReone.Common.props = .buildTools\GetcuReone.Common.props
		.buildTools\GetcuReone.Lib.props = .buildTools\GetcuReone.Lib.props
	EndProjectSection
EndProject
Global
	GlobalSection(SolutionConfigurationPlatforms) = preSolution
		Debug|Any CPU = Debug|Any CPU
		Release|Any CPU = Release|Any CPU
	EndGlobalSection
	GlobalSection(ProjectConfigurationPlatforms) = postSolution
		{D46421DF-282D-4C3F-90A1-ABFE06B46CBC}.Debug|Any CPU.ActiveCfg = Debug|Any CPU
		{D46421DF-282D-4C3F-90A1-ABFE06B46CBC}.Debug|Any CPU.Build.0 = Debug|Any CPU
		{D46421DF-282D-4C3F-90A1-ABFE06B46CBC}.Release|Any CPU.ActiveCfg = Release|Any CPU
		{D46421DF-282D-4C3F-90A1-ABFE06B46CBC}.Release|Any CPU.Build.0 = Release|Any CPU
		{9912EDB5-89A6-41FE-9498-79683CF3E3E0}.Debug|Any CPU.ActiveCfg = Debug|Any CPU
		{9912EDB5-89A6-41FE-9498-79683CF3E3E0}.Debug|Any CPU.Build.0 = Debug|Any CPU
		{9912EDB5-89A6-41FE-9498-79683CF3E3E0}.Release|Any CPU.ActiveCfg = Release|Any CPU
		{9912EDB5-89A6-41FE-9498-79683CF3E3E0}.Release|Any CPU.Build.0 = Release|Any CPU
		{7E928D07-56F0-4DD5-A1A1-5B368EB33687}.Debug|Any CPU.ActiveCfg = Debug|Any CPU
		{7E928D07-56F0-4DD5-A1A1-5B368EB33687}.Debug|Any CPU.Build.0 = Debug|Any CPU
		{7E928D07-56F0-4DD5-A1A1-5B368EB33687}.Release|Any CPU.ActiveCfg = Release|Any CPU
		{7E928D07-56F0-4DD5-A1A1-5B368EB33687}.Release|Any CPU.Build.0 = Release|Any CPU
		{E0E4C35E-116B-404D-82FA-FCA271A3E436}.Debug|Any CPU.ActiveCfg = Debug|Any CPU
		{E0E4C35E-116B-404D-82FA-FCA271A3E436}.Debug|Any CPU.Build.0 = Debug|Any CPU
		{E0E4C35E-116B-404D-82FA-FCA271A3E436}.Release|Any CPU.ActiveCfg = Release|Any CPU
		{E0E4C35E-116B-404D-82FA-FCA271A3E436}.Release|Any CPU.Build.0 = Release|Any CPU
	EndGlobalSection
	GlobalSection(SolutionProperties) = preSolution
		HideSolutionNode = FALSE
	EndGlobalSection
	GlobalSection(NestedProjects) = preSolution
		{9912EDB5-89A6-41FE-9498-79683CF3E3E0} = {B287643F-D8B8-4F40-94E6-387DB7CBE51E}
		{E0E4C35E-116B-404D-82FA-FCA271A3E436} = {B287643F-D8B8-4F40-94E6-387DB7CBE51E}
	EndGlobalSection
	GlobalSection(ExtensibilityGlobals) = postSolution
		SolutionGuid = {3690442A-C6FA-4A74-AD1D-C90D6A79FCB0}
	EndGlobalSection
EndGlobal
